
Microsoft Visual Studio Solution File, Format Version 12.00
# Visual Studio Version 16
VisualStudioVersion = 16.0.31911.196
MinimumVisualStudioVersion = 10.0.40219.1
Project("{FAE04EC0-301F-11D3-BF4B-00C04F79EFBC}") = "ConsoleApp12", "ConsoleApp12\ConsoleApp12.csproj", "{2413D726-2DAC-445A-A510-0304D148FD67}"
EndProject
Global
	GlobalSection(SolutionConfigurationPlatforms) = preSolution
		Debug|Any CPU = Debug|Any CPU
		Release|Any CPU = Release|Any CPU
	EndGlobalSection
	GlobalSection(ProjectConfigurationPlatforms) = postSolution
		{2413D726-2DAC-445A-A510-0304D148FD67}.Debug|Any CPU.ActiveCfg = Debug|Any CPU
		{2413D726-2DAC-445A-A510-0304D148FD67}.Debug|Any CPU.Build.0 = Debug|Any CPU
		{2413D726-2DAC-445A-A510-0304D148FD67}.Release|Any CPU.ActiveCfg = Release|Any CPU
		{2413D726-2DAC-445A-A510-0304D148FD67}.Release|Any CPU.Build.0 = Release|Any CPU
	EndGlobalSection
	GlobalSection(SolutionProperties) = preSolution
		HideSolutionNode = FALSE
	EndGlobalSection
	GlobalSection(ExtensibilityGlobals) = postSolution
		SolutionGuid = {3F37882E-33E2-4E06-87E6-6F56C8CD649B}
	EndGlobalSection
EndGlobal
