
Microsoft Visual Studio Solution File, Format Version 12.00
# Visual Studio Version 16
VisualStudioVersion = 16.0.31911.196
MinimumVisualStudioVersion = 10.0.40219.1
Project("{FAE04EC0-301F-11D3-BF4B-00C04F79EFBC}") = "ConsoleApp4", "ConsoleApp4\ConsoleApp4.csproj", "{D9883559-C85A-4113-AB3A-277CFEC20CD9}"
EndProject
Global
	GlobalSection(SolutionConfigurationPlatforms) = preSolution
		Debug|Any CPU = Debug|Any CPU
		Release|Any CPU = Release|Any CPU
	EndGlobalSection
	GlobalSection(ProjectConfigurationPlatforms) = postSolution
		{D9883559-C85A-4113-AB3A-277CFEC20CD9}.Debug|Any CPU.ActiveCfg = Debug|Any CPU
		{D9883559-C85A-4113-AB3A-277CFEC20CD9}.Debug|Any CPU.Build.0 = Debug|Any CPU
		{D9883559-C85A-4113-AB3A-277CFEC20CD9}.Release|Any CPU.ActiveCfg = Release|Any CPU
		{D9883559-C85A-4113-AB3A-277CFEC20CD9}.Release|Any CPU.Build.0 = Release|Any CPU
	EndGlobalSection
	GlobalSection(SolutionProperties) = preSolution
		HideSolutionNode = FALSE
	EndGlobalSection
	GlobalSection(ExtensibilityGlobals) = postSolution
		SolutionGuid = {F4CF6491-D90C-4688-8D60-F84D46990DF7}
	EndGlobalSection
EndGlobal
